
Microsoft Visual Studio Solution File, Format Version 12.00
# Visual Studio Version 17
VisualStudioVersion = 17.14.36811.4
MinimumVisualStudioVersion = 10.0.40219.1
Project("{FAE04EC0-301F-11D3-BF4B-00C04F79EFBC}") = "UrlShortener.Api", "UrlShortener.Api\UrlShortener.Api.csproj", "{7F99C8B7-304E-4711-99A9-81DEEFF1CEEE}"
EndProject
Project("{FAE04EC0-301F-11D3-BF4B-00C04F79EFBC}") = "UrlShortener.Domain", "UrlShortener.Domain\UrlShortener.Domain.csproj", "{1EC27F03-63A9-45C3-A568-EEBBBBD744AA}"
EndProject
Project("{FAE04EC0-301F-11D3-BF4B-00C04F79EFBC}") = "UrlShortener.Infrastructure", "UrlShortener.Infrastructure\UrlShortener.Infrastructure.csproj", "{25731B90-5FA8-4B25-8656-62B17BF561ED}"
EndProject
Project("{FAE04EC0-301F-11D3-BF4B-00C04F79EFBC}") = "UrlShortener.Application", "UrlShortener.Application\UrlShortener.Application.csproj", "{2505DF20-6582-4B7F-8008-259D012D3A89}"
EndProject
Project("{2150E333-8FDC-42A3-9474-1A3956D46DE8}") = "Solution Items", "Solution Items", "{8EC462FD-D22E-90A8-E5CE-7E832BA40C5D}"
EndProject
Global
	GlobalSection(SolutionConfigurationPlatforms) = preSolution
		Debug|Any CPU = Debug|Any CPU
		Release|Any CPU = Release|Any CPU
	EndGlobalSection
	GlobalSection(ProjectConfigurationPlatforms) = postSolution
		{7F99C8B7-304E-4711-99A9-81DEEFF1CEEE}.Debug|Any CPU.ActiveCfg = Debug|Any CPU
		{7F99C8B7-304E-4711-99A9-81DEEFF1CEEE}.Debug|Any CPU.Build.0 = Debug|Any CPU
		{7F99C8B7-304E-4711-99A9-81DEEFF1CEEE}.Release|Any CPU.ActiveCfg = Release|Any CPU
		{7F99C8B7-304E-4711-99A9-81DEEFF1CEEE}.Release|Any CPU.Build.0 = Release|Any CPU
		{1EC27F03-63A9-45C3-A568-EEBBBBD744AA}.Debug|Any CPU.ActiveCfg = Debug|Any CPU
		{1EC27F03-63A9-45C3-A568-EEBBBBD744AA}.Debug|Any CPU.Build.0 = Debug|Any CPU
		{1EC27F03-63A9-45C3-A568-EEBBBBD744AA}.Release|Any CPU.ActiveCfg = Release|Any CPU
		{1EC27F03-63A9-45C3-A568-EEBBBBD744AA}.Release|Any CPU.Build.0 = Release|Any CPU
		{25731B90-5FA8-4B25-8656-62B17BF561ED}.Debug|Any CPU.ActiveCfg = Debug|Any CPU
		{25731B90-5FA8-4B25-8656-62B17BF561ED}.Debug|Any CPU.Build.0 = Debug|Any CPU
		{25731B90-5FA8-4B25-8656-62B17BF561ED}.Release|Any CPU.ActiveCfg = Release|Any CPU
		{25731B90-5FA8-4B25-8656-62B17BF561ED}.Release|Any CPU.Build.0 = Release|Any CPU
		{2505DF20-6582-4B7F-8008-259D012D3A89}.Debug|Any CPU.ActiveCfg = Debug|Any CPU
		{2505DF20-6582-4B7F-8008-259D012D3A89}.Debug|Any CPU.Build.0 = Debug|Any CPU
		{2505DF20-6582-4B7F-8008-259D012D3A89}.Release|Any CPU.ActiveCfg = Release|Any CPU
		{2505DF20-6582-4B7F-8008-259D012D3A89}.Release|Any CPU.Build.0 = Release|Any CPU
	EndGlobalSection
	GlobalSection(SolutionProperties) = preSolution
		HideSolutionNode = FALSE
	EndGlobalSection
	GlobalSection(ExtensibilityGlobals) = postSolution
		SolutionGuid = {D31935CF-14D5-477E-BBBC-B14DAB6A1963}
	EndGlobalSection
EndGlobal
